
Microsoft Visual Studio Solution File, Format Version 12.00
# Visual Studio Version 16
VisualStudioVersion = 16.0.29911.84
MinimumVisualStudioVersion = 10.0.40219.1
Project("{FAE04EC0-301F-11D3-BF4B-00C04F79EFBC}") = "SHOPPING_CART", "..\SHOPPING_CART\SHOPPING_CART.csproj", "{D16C4E8C-2BBE-436C-8B91-71D0A9C0D59D}"
EndProject
Project("{FAE04EC0-301F-11D3-BF4B-00C04F79EFBC}") = "Props", "..\Props\Props.csproj", "{F7F5D207-A8D5-41E9-87B7-83BA13409E0E}"
EndProject
Project("{FAE04EC0-301F-11D3-BF4B-00C04F79EFBC}") = "Buisness", "..\Buisness\Buisness.csproj", "{2ACFF1CF-07A8-4824-ABB8-A32740784CE5}"
EndProject
Project("{FAE04EC0-301F-11D3-BF4B-00C04F79EFBC}") = "DataLayer", "..\Data\DataLayer.csproj", "{7EC3F9D0-1C00-4237-9EB1-F856AEFCBA6A}"
EndProject
Global
	GlobalSection(SolutionConfigurationPlatforms) = preSolution
		Debug|Any CPU = Debug|Any CPU
		Release|Any CPU = Release|Any CPU
	EndGlobalSection
	GlobalSection(ProjectConfigurationPlatforms) = postSolution
		{D16C4E8C-2BBE-436C-8B91-71D0A9C0D59D}.Debug|Any CPU.ActiveCfg = Debug|Any CPU
		{D16C4E8C-2BBE-436C-8B91-71D0A9C0D59D}.Debug|Any CPU.Build.0 = Debug|Any CPU
		{D16C4E8C-2BBE-436C-8B91-71D0A9C0D59D}.Release|Any CPU.ActiveCfg = Release|Any CPU
		{D16C4E8C-2BBE-436C-8B91-71D0A9C0D59D}.Release|Any CPU.Build.0 = Release|Any CPU
		{F7F5D207-A8D5-41E9-87B7-83BA13409E0E}.Debug|Any CPU.ActiveCfg = Debug|Any CPU
		{F7F5D207-A8D5-41E9-87B7-83BA13409E0E}.Debug|Any CPU.Build.0 = Debug|Any CPU
		{F7F5D207-A8D5-41E9-87B7-83BA13409E0E}.Release|Any CPU.ActiveCfg = Release|Any CPU
		{F7F5D207-A8D5-41E9-87B7-83BA13409E0E}.Release|Any CPU.Build.0 = Release|Any CPU
		{2ACFF1CF-07A8-4824-ABB8-A32740784CE5}.Debug|Any CPU.ActiveCfg = Debug|Any CPU
		{2ACFF1CF-07A8-4824-ABB8-A32740784CE5}.Debug|Any CPU.Build.0 = Debug|Any CPU
		{2ACFF1CF-07A8-4824-ABB8-A32740784CE5}.Release|Any CPU.ActiveCfg = Release|Any CPU
		{2ACFF1CF-07A8-4824-ABB8-A32740784CE5}.Release|Any CPU.Build.0 = Release|Any CPU
		{7EC3F9D0-1C00-4237-9EB1-F856AEFCBA6A}.Debug|Any CPU.ActiveCfg = Debug|Any CPU
		{7EC3F9D0-1C00-4237-9EB1-F856AEFCBA6A}.Debug|Any CPU.Build.0 = Debug|Any CPU
		{7EC3F9D0-1C00-4237-9EB1-F856AEFCBA6A}.Release|Any CPU.ActiveCfg = Release|Any CPU
		{7EC3F9D0-1C00-4237-9EB1-F856AEFCBA6A}.Release|Any CPU.Build.0 = Release|Any CPU
	EndGlobalSection
	GlobalSection(SolutionProperties) = preSolution
		HideSolutionNode = FALSE
	EndGlobalSection
	GlobalSection(ExtensibilityGlobals) = postSolution
		SolutionGuid = {F240EE77-AF1C-45C7-9EF3-11DFA0808E16}
	EndGlobalSection
EndGlobal
